hash: 742238cc0a4f56222d74043a691965a16ccc5c0189153aef67f54ad8e18be4bd
updated: 2017-04-02T19:38:11.1102123+10:00
imports:
- name: github.com/armon/go-metrics
  version: 93f237eba9b0602f3e73710416558854a81d9337
- name: github.com/beorn7/perks
  version: 4c0e84591b9aa9e6dcfdf3e020114cd81f89d5f9
  subpackages:
  - quantile
- name: github.com/boltdb/bolt
  version: e9cf4fae01b5a8ff89d0ec6b32f0d9c9f79aefdd
- name: github.com/cenkalti/backoff
  version: 32cd0c5b3aef12c76ed64aaf678f6c79736be7dc
- name: github.com/ericchiang/k8s
  version: bd3351b0ceb817083a3226c152e3a2c9bb2849c9
- name: github.com/fatih/structs
  version: a720dfa8df582c51dee1b36feabb906bde1588bd
- name: github.com/fsnotify/fsnotify
  version: 4da3e2cfbabc9f751898f250b49f2439785783a1
- name: github.com/golang/protobuf
  version: 2bba0603135d7d7f5cb73b2125beeda19c09f4ef
  subpackages:
  - proto
- name: github.com/hashicorp/errwrap
  version: 7554cd9344cec97297fa6649b055a8c98c2a1e55
- name: github.com/hashicorp/go-cleanhttp
  version: 3573b8b52aa7b37b9358d966a898feb387f62437
- name: github.com/hashicorp/go-msgpack
  version: fa3f63826f7c23912c15263591e65d54d080b458
  subpackages:
  - codec
- name: github.com/hashicorp/go-multierror
  version: ed905158d87462226a13fe39ddf685ea65f1c11f
- name: github.com/hashicorp/go-rootcerts
  version: 6bb64b370b90e7ef1fa532be9e591a81c3493e00
- name: github.com/hashicorp/go-sockaddr
  version: acd314c5781ea706c710d9ea70069fd2e110d61d
- name: github.com/hashicorp/hcl
  version: 630949a3c5fa3c613328e1b8256052cbc2327c9b
  subpackages:
  - hcl/ast
  - hcl/parser
  - hcl/scanner
  - hcl/strconv
  - hcl/token
  - json/parser
  - json/scanner
  - json/token
- name: github.com/hashicorp/memberlist
  version: 6cc6075ba9fba1915fa0416f00d2b4efa9dc2262
- name: github.com/hashicorp/raft
  version: 5f09c4ffdbcd2a53768e78c47717415de12b6728
- name: github.com/hashicorp/raft-boltdb
  version: df631556b57507bd5d0ed4f87468fd93ab025bef
- name: github.com/hashicorp/serf
  version: d6574a5bb1226678d7010325fb6c985db20ee458
  subpackages:
  - coordinate
  - serf
- name: github.com/hashicorp/vault
  version: 614deacfca3f3b7162bbf30a36d6fc7362cd47f0
  subpackages:
  - api
  - helper/compressutil
  - helper/jsonutil
- name: github.com/inconshreveable/mousetrap
  version: 76626ae9c91c4f2a10f34cad8ce83ea42c93bb75
- name: github.com/magiconair/properties
  version: 51463bfca2576e06c62a8504b5c0f06d61312647
- name: github.com/matttproud/golang_protobuf_extensions
  version: c12348ce28de40eed0136aa2b644d0ee0650e56c
  subpackages:
  - pbutil
- name: github.com/miekg/dns
  version: dcffd061aaeef4f0ab8369d0443146462b64ea6d
- name: github.com/mitchellh/go-homedir
  version: b8bc1bf767474819792c23f32d8286a45736f1c6
- name: github.com/mitchellh/mapstructure
  version: 53818660ed4955e899c0bcafa97299a388bd7c8e
- name: github.com/pelletier/go-buffruneio
  version: c37440a7cf42ac63b919c752ca73a85067e05992
- name: github.com/pelletier/go-toml
  version: e32a2e04744250647a72bf17da1b09befc03b6b1
- name: github.com/pkg/errors
  version: 645ef00459ed84a119197bfb8d8205042c6df63d
- name: github.com/prometheus/client_golang
  version: c5b7fccd204277076155f10851dad72b76a49317
  subpackages:
  - prometheus
  - prometheus/promhttp
- name: github.com/prometheus/client_model
  version: 6f3806018612930941127f2a7c6c453ba2c527d2
  subpackages:
  - go
- name: github.com/prometheus/common
  version: 49fee292b27bfff7f354ee0f64e1bc4850462edf
  subpackages:
  - expfmt
  - internal/bitbucket.org/ww/goautoneg
  - model
- name: github.com/prometheus/procfs
  version: a1dba9ce8baed984a2495b658c82687f8157b98f
  subpackages:
  - xfs
- name: github.com/sean-/seed
  version: e2103e2c35297fb7e17febb81e49b312087a2372
- name: github.com/sethgrid/pester
  version: 2c5fb962da6113d0968907fd81dba3ca35151d1c
- name: github.com/Sirupsen/logrus
  version: ba1b36c82c5e05c4f912a88eab0dcd91a171688f
- name: github.com/spf13/afero
  version: 9be650865eab0c12963d8753212f4f9c66cdcf12
  subpackages:
  - mem
- name: github.com/spf13/cast
  version: ce135a4ebeee6cfe9a26c93ee0d37825f26113c7
- name: github.com/spf13/cobra
  version: 6421115516beea57a41a46555c21899eb83f6387
- name: github.com/spf13/jwalterweatherman
  version: fa7ca7e836cf3a8bb4ebf799f472c12d7e903d66
- name: github.com/spf13/pflag
  version: d16db1e50e33dff1b6cdf37596cef36742128670
- name: github.com/spf13/viper
  version: 84f94806c67f59dd7ae87bc5351f7a9c94a4558d
- name: golang.org/x/net
  version: ffcf1bedda3b04ebb15a168a59800a73d6dc0f4d
  subpackages:
  - context
  - context/ctxhttp
  - http2
  - http2/hpack
  - idna
  - lex/httplex
- name: golang.org/x/sys
  version: 9a7256cb28ed514b4e1e5f68959914c4c28a92e0
  subpackages:
  - unix
- name: golang.org/x/text
  version: f4b4367115ec2de254587813edaa901bc1c723a8
  subpackages:
  - secure/bidirule
  - transform
  - unicode/bidi
  - unicode/norm
- name: gopkg.in/yaml.v2
  version: a3f3340b5840cee44f372bddb5880fcbc419b46a
testImports: []
