cloud.google.com/go v0.26.0/go.mod h1:aQUYkXzVsufM+DwF1aE+0xfcU+56JwCaLick0ClmMTw=
github.com/Azure/go-ansiterm v0.0.0-20170929234023-d6e3b3328b78/go.mod h1:LmzpDX56iTiv29bbRTIsUNlaFfuhWRQBWjQdVyAevI8=
github.com/DataDog/datadog-go v0.0.0-20180822151419-281ae9f2d895/go.mod h1:LButxg5PwREeZtORoXG3tL4fMGNddJ+vMq1mwgfaqoQ=
github.com/Jeffail/gabs v1.1.0/go.mod h1:6xMvQMK4k33lb7GUUpaAPh6nKMmemQeg5d4gn7/bOXc=
github.com/Masterminds/semver v1.4.2/go.mod h1:MB6lktGJrhw8PrUyiEoblNEGEQ+RzHPF078ddwwvV3Y=
github.com/Masterminds/vcs v1.12.0/go.mod h1:N09YCmOQr6RLxC6UNHzuVwAdodYbbnycGHSmwVJjcKA=
github.com/Microsoft/go-winio v0.4.11/go.mod h1:VhR8bwka0BXejwEJY73c50VrPtXAaKcyvVC4A4RozmA=
github.com/Nvveen/Gotty v0.0.0-20120604004816-cd527374f1e5/go.mod h1:lmUJ/7eu/Q8D7ML55dXQrVaamCz2vxCfdQBasLZfHKk=
github.com/SAP/go-hdb v0.13.1/go.mod h1:etBT+FAi1t5k3K3tf5vQTnosgYmhDkRi8jEnQqCnxF0=
github.com/SermoDigital/jose v0.9.1/go.mod h1:ARgCUhI1MHQH+ONky/PAtmVHQrP5JlGY0F3poXOp/fA=
github.com/armon/go-metrics v0.0.0-20170809011644-023a4bbe4bb9 h1:FispU9SAMiAIE/h+1efZ8zJF2HURawAYsg1C6lTQspU=
github.com/armon/go-metrics v0.0.0-20170809011644-023a4bbe4bb9/go.mod h1:Q73ZrmVTwzkszR9V5SSuryQ31EELlFMUz1kKyl939pY=
github.com/armon/go-radix v1.0.0/go.mod h1:ufUuZ+zHj4x4TnLV4JWEpy2hxWSpsRywHrMgIH9cCH8=
github.com/asaskevich/govalidator v0.0.0-20180720115003-f9ffefc3facf/go.mod h1:lB+ZfQJz7igIIfQNfa7Ml4HSf2uFQQRzpGGRXenZAgY=
github.com/beorn7/perks v0.0.0-20160804104726-4c0e84591b9a h1:BtpsbiV638WQZwhA98cEZw2BsbnQJrbd0BI7tsy0W1c=
github.com/beorn7/perks v0.0.0-20160804104726-4c0e84591b9a/go.mod h1:Dwedo/Wpr24TaqPxmxbtue+5NUziq4I4S80YR8gNf3Q=
github.com/bitly/go-hostpool v0.0.0-20171023180738-a3a6125de932/go.mod h1:NOuUCSz6Q9T7+igc/hlvDOUdtWKryOrtFyIVABv/p7k=
github.com/bmizerany/assert v0.0.0-20160611221934-b7ed37b82869/go.mod h1:Ekp36dRnpXw/yCqJaO+ZrUyxD+3VXMFFr56k5XYrpB4=
github.com/boltdb/bolt v1.3.1 h1:JQmyP4ZBrce+ZQu0dY660FMfatumYDLun9hBCUVIkF4=
github.com/boltdb/bolt v1.3.1/go.mod h1:clJnj/oiGkjum5o1McbSZDSLxVThjynRyGBgiAx27Ps=
github.com/cenkalti/backoff v1.1.0 h1:QnvVp8ikKCDWOsFheytRCoYWYPO/ObCTBGxT19Hc+yE=
github.com/cenkalti/backoff v1.1.0/go.mod h1:90ReRw6GdpyfrHakVjL/QHaoyV4aDUVVkXQJJJ3NXXM=
github.com/circonus-labs/circonus-gometrics v2.2.4+incompatible/go.mod h1:nmEj6Dob7S7YxXgwXpfOuvO54S+tGdZdw9fuRZt25Ag=
github.com/circonus-labs/circonusllhist v0.0.0-20180430145027-5eb751da55c6/go.mod h1:kMXHVDlOchFAehlya5ePtbp5jckzBHf4XRpQvBOLI+I=
github.com/client9/misspell v0.3.4/go.mod h1:qj6jICC3Q7zFZvVWo7KLAzC3yx5G7kyvSDkc90ppPyw=
github.com/containerd/continuity v0.0.0-20181001140422-bd77b46c8352/go.mod h1:GL3xCUCBDV3CZiTSEKksMWbLE66hEyuu9qyDOOqM47Y=
github.com/davecgh/go-spew v1.1.1/go.mod h1:J7Y8YcW2NihsgmVo/mv3lAwl/skON4iLHjSsI+c5H38=
github.com/denisenkom/go-mssqldb v0.0.0-20180901172138-1eb28afdf9b6/go.mod h1:xN/JuLBIz4bjkxNmByTiV1IbhfnYb6oo99phBn4Eqhc=
github.com/docker/go-connections v0.4.0/go.mod h1:Gbd7IOopHjR8Iph03tsViu4nIes5XhDvyHbTtUxmeec=
github.com/docker/go-units v0.3.3/go.mod h1:fgPhTUdO+D/Jk86RDLlptpiXQzgHJF7gydDDbaIK4Dk=
github.com/duosecurity/duo_api_golang v0.0.0-20180315112207-d0530c80e49a/go.mod h1:UqXY1lYT/ERa4OEAywUqdok1T4RCRdArkhic1Opuavo=
github.com/ericchiang/k8s v0.4.0 h1:VGkh5Zq5RZrmsh2gUnuYBFrNDeEyXDqLIaByR7Fo1eo=
github.com/ericchiang/k8s v0.4.0/go.mod h1:/OmBgSq2cd9IANnsGHGlEz27nwMZV2YxlpXuQtU3Bz4=
github.com/fatih/structs v1.0.0 h1:BrX964Rv5uQ3wwS+KRUAJCBBw5PQmgJfJ6v4yly5QwU=
github.com/fatih/structs v1.0.0/go.mod h1:9NiDSp5zOcgEDl+j00MP/WkGVPOlPRLejGD8Ga6PJ7M=
github.com/fsnotify/fsnotify v1.4.7 h1:IXs+QLmnXW2CcXuY+8Mzv/fWEsPGWxqefPtCP5CnV9I=
github.com/fsnotify/fsnotify v1.4.7/go.mod h1:jwhsz4b93w/PPRr/qN1Yymfu8t87LnFCMoQvtojpjFo=
github.com/go-sql-driver/mysql v1.4.0/go.mod h1:zAC/RDZ24gD3HViQzih4MyKcchzm+sOG5ZlKdlhCg5w=
github.com/gocql/gocql v0.0.0-20180929150753-7ce14ecfedc6/go.mod h1:4Fw1eo5iaEhDUs8XyuhSVCVy52Jq3L+/3GJgYkwc+/0=
github.com/golang/dep v0.5.0/go.mod h1:6RZ2Wai7dSWk7qL55sDYk+8UPFqcW7all2KDBraPPFA=
github.com/golang/glog v0.0.0-20160126235308-23def4e6c14b/go.mod h1:SBH7ygxi8pfUlaOkMMuAQtPIUF8ecWP5IEl/CR7VP2Q=
github.com/golang/lint v0.0.0-20180702182130-06c8688daad7/go.mod h1:tluoj9z5200jBnyusfRPU2LqT6J+DAorxEvtC7LHB+E=
github.com/golang/mock v1.1.1/go.mod h1:oTYuIxOrZwtPieC+H1uAHpcLFnEyAGVDL/k47Jfbm0A=
github.com/golang/protobuf v1.2.0 h1:P3YflyNX/ehuJFLhxviNdFxQPkGK5cDcApsge1SqnvM=
github.com/golang/protobuf v1.2.0/go.mod h1:6lQm79b+lXiMfvg/cZm0SGofjICqVBUtrP5yJMmIC1U=
github.com/golang/snappy v0.0.0-20170215233205-553a64147049 h1:K9KHZbXKpGydfDN0aZrsoHpLJlZsBrGMFWbgLDGnPZk=
github.com/golang/snappy v0.0.0-20170215233205-553a64147049/go.mod h1:/XxbfmMg8lxefKM7IXC3fBNl/7bRcc72aCRzEWrmP2Q=
github.com/google/go-cmp v0.2.0/go.mod h1:oXzfMopK8JAjlY9xF4vHSVASa0yLyX7SntLO5aqRK0M=
github.com/gotestyourself/gotestyourself v2.1.0+incompatible/go.mod h1:zZKM6oeNM8k+FRljX1mnzVYeS8wiGgQyvST1/GafPbY=
github.com/hailocab/go-hostpool v0.0.0-20160125115350-e80d13ce29ed/go.mod h1:tMWxXQ9wFIaZeTI9F+hmhFiGpFmhOHzyShyFUhRm0H4=
github.com/hashicorp/consul v1.2.3/go.mod h1:mFrjN1mfidgJfYP1xrJCF+AfRhr6Eaqhb2+sfyn/OOI=
github.com/hashicorp/errwrap v0.0.0-20141028054710-7554cd9344ce h1:prjrVgOk2Yg6w+PflHoszQNLTUh4kaByUcEWM/9uin4=
github.com/hashicorp/errwrap v0.0.0-20141028054710-7554cd9344ce/go.mod h1:YH+1FKiLXxHSkmPseP+kNlulaMuP3n2brvKWEqk/Jc4=
github.com/hashicorp/go-cleanhttp v0.0.0-20170211013415-3573b8b52aa7 h1:67fHcS+inUoiIqWCKIqeDuq2AlPHNHPiTqp97LdQ+bc=
github.com/hashicorp/go-cleanhttp v0.0.0-20170211013415-3573b8b52aa7/go.mod h1:JpRdi6/HCYpAwUzNwuwqhbovhLtngrth3wmdIIUrZ80=
github.com/hashicorp/go-hclog v0.0.0-20181001195459-61d530d6c27f/go.mod h1:5CU+agLiy3J7N7QjHK5d05KxGsuXiQLrjA0H7acj2lQ=
github.com/hashicorp/go-immutable-radix v0.0.0-20170725221215-8aac27015308 h1:GO30CSDv5lN/+JJcv1ABUcHm2KofIU0uOBS8Y1oIwYs=
github.com/hashicorp/go-immutable-radix v0.0.0-20170725221215-8aac27015308/go.mod h1:6ij3Z20p+OhOkCSrA0gImAWoHYQRGbnlcuk6XYTiaRw=
github.com/hashicorp/go-msgpack v0.0.0-20150518234257-fa3f63826f7c h1:BTAbnbegUIMB6xmQCwWE8yRzbA4XSpnZY5hvRJC188I=
github.com/hashicorp/go-msgpack v0.0.0-20150518234257-fa3f63826f7c/go.mod h1:ahLV/dePpqEmjfWmKiqvPkv/twdG7iPBM1vqhUKIvfM=
github.com/hashicorp/go-multierror v0.0.0-20170622060955-83588e72410a h1:RUacJnONqfKgDeok3I3IqMa8e5+B3qzBIbNK4dZK65k=
github.com/hashicorp/go-multierror v0.0.0-20170622060955-83588e72410a/go.mod h1:JMRHfdO9jKNzS/+BTlxCjKNQHg/jZAft8U7LloJvN7I=
github.com/hashicorp/go-plugin v0.0.0-20181002195811-1faddcf740b6/go.mod h1:JSqWYsict+jzcj0+xElxyrBQRPNoiWQuddnxArJ7XHQ=
github.com/hashicorp/go-retryablehttp v0.0.0-20180718195005-e651d75abec6/go.mod h1:fXcdFsQoipQa7mwORhKad5jmDCeSy/RCGzWA08PO0lM=
github.com/hashicorp/go-rootcerts v0.0.0-20160503143440-6bb64b370b90 h1:VBj0QYQ0u2MCJzBfeYXGexnAl17GsH1yidnoxCqqD9E=
github.com/hashicorp/go-rootcerts v0.0.0-20160503143440-6bb64b370b90/go.mod h1:o4zcYY1e0GEZI6eSEr+43QDYmuGglw1qSO6qdHUHCgg=
github.com/hashicorp/go-sockaddr v0.0.0-20170627023441-41949a141473 h1:+OFKAM6bHeJGMqWAdzJ91f8OYZRJ6vDpUXjKb5/wfh4=
github.com/hashicorp/go-sockaddr v0.0.0-20170627023441-41949a141473/go.mod h1:7Xibr9yA9JjQq1JpNB2Vw7kxv8xerXegt+ozgdvDeDU=
github.com/hashicorp/go-uuid v1.0.0/go.mod h1:6SBZvOh/SIDV7/2o3Jml5SYk/TvGqwFJ/bN7x4byOro=
github.com/hashicorp/golang-lru v0.0.0-20160813221303-0a025b7e63ad h1:eMxs9EL0PvIGS9TTtxg4R+JxuPGav82J8rA+GFnY7po=
github.com/hashicorp/golang-lru v0.0.0-20160813221303-0a025b7e63ad/go.mod h1:/m3WP610KZHVQ1SGc6re/UDhFvYD7pJ4Ao+sR/qLZy8=
github.com/hashicorp/hcl v0.0.0-20170825171336-8f6b1344a92f h1:U1CJf2If4iOIWu4vtC9S7YL6rSqKYXuQBFo6cUdtdu4=
github.com/hashicorp/hcl v0.0.0-20170825171336-8f6b1344a92f/go.mod h1:oZtUIOe8dh44I2q6ScRibXws4Ajl+d+nod3AaR9vL5w=
github.com/hashicorp/memberlist v0.1.0 h1:qSsCiC0WYD39lbSitKNt40e30uorm2Ss/d4JGU1hzH8=
github.com/hashicorp/memberlist v0.1.0/go.mod h1:ncdBp14cuox2iFOq3kDiquKU6fqsTBc3W6JvZwjxxsE=
github.com/hashicorp/raft v0.0.0-20170824215411-3b4d64b29e42 h1:/Jl9AT8XI/mxg9EcJRkDkvd1yOL9OpT1HZpRF2yOkm0=
github.com/hashicorp/raft v0.0.0-20170824215411-3b4d64b29e42/go.mod h1:DVSAWItjLjTOkVbSpWQ0j0kUADIvDaCtBxIcbNAQLkI=
github.com/hashicorp/raft-boltdb v0.0.0-20170209205654-df631556b575 h1:05v1lV9Dw+nj3uuN+nfYOrkDF9QHbBwGl+3CtxJNZ9A=
github.com/hashicorp/raft-boltdb v0.0.0-20170209205654-df631556b575/go.mod h1:pNv7Wc3ycL6F5oOWn+tPGo2gWD4a5X+yp/ntwdKLjRk=
github.com/hashicorp/serf v0.8.1 h1:mYs6SMzu72+90OcPa5wr3nfznA4Dw9UyR791ZFNOIf4=
github.com/hashicorp/serf v0.8.1/go.mod h1:h/Ru6tmZazX7WO/GDmwdpS975F019L4t5ng5IgwbNrE=
github.com/hashicorp/uuid v0.0.0-20160311170451-ebb0a03e909c/go.mod h1:fHzc09UnyJyqyW+bFuq864eh+wC7dj65aXmXLRe5to0=
github.com/hashicorp/vault v0.8.1 h1:7dIwjC2uP8+z9NuyOx+HKDMZL0iZZeEZ8JYmf6j1oHI=
github.com/hashicorp/vault v0.8.1/go.mod h1:KfSyffbKxoVyspOdlaGVjIuwLobi07qD1bAbosPMpP0=
github.com/hashicorp/yamux v0.0.0-20180917205041-7221087c3d28/go.mod h1:+NfK9FKeTrX5uv1uIXGdwYDTeHna2qgaIlx54MXqjAM=
github.com/hpcloud/tail v1.0.0/go.mod h1:ab1qPbhIpdTxEkNHXyeSf5vhxWSCs/tWer42PpOxQnU=
github.com/inconshreveable/mousetrap v1.0.0/go.mod h1:PxqpIevigyE2G7u3NXJIT2ANytuPF1OarO4DADm73n8=
github.com/jefferai/jsonx v0.0.0-20160721235117-9cc31c3135ee/go.mod h1:N0t2vlmpe8nyZB5ouIbJQPDSR+mH6oe7xHB9VZHSUzM=
github.com/jmank88/nuts v0.3.0/go.mod h1:kTf5cyoLibZUQg9Lns/gteKO1d/5XrhacD1QVKviAKk=
github.com/keybase/go-crypto v0.0.0-20180920171116-0b2a91ace448/go.mod h1:ghbZscTyKdM07+Fw3KSi0hcJm+AlEUWj8QLlPtijN/M=
github.com/kisielk/gotool v1.0.0/go.mod h1:XhKaO+MFFWcvkIS/tQcRk01m1F5IRFswLeQ+oQHNcck=
github.com/kr/pretty v0.1.0/go.mod h1:dAy3ld7l9f0ibDNOQOHHMYYIIbhfbHSm3C4ZsoJORNo=
github.com/kr/pty v1.1.1/go.mod h1:pFQYn66WHrOpPYNljwOMqo10TkYh1fy3cYio2l3bCsQ=
github.com/kr/text v0.1.0/go.mod h1:4Jbv+DJW3UT/LiOwJeYQe1efqtUx/iVham/4vfdArNI=
github.com/lib/pq v1.0.0/go.mod h1:5WUZQaWbwv1U+lTReE5YruASi9Al49XbQIvNi/34Woo=
github.com/magiconair/properties v1.7.3 h1:6AOjgCKyZFMG/1yfReDPDz3CJZPxnYk7DGmj2HtyF24=
github.com/magiconair/properties v1.7.3/go.mod h1:PppfXfuXeibc/6YijjN8zIbojt8czPbwD3XqdrwzmxQ=
github.com/mattn/go-colorable v0.0.9/go.mod h1:9vuHe8Xs5qXnSaW/c/ABM9alt+Vo+STaOChaDxuIBZU=
github.com/mattn/go-isatty v0.0.4/go.mod h1:M+lRXTBqGeGNdLjl/ufCoiOlB5xdOkqRJdNxMWT7Zi4=
github.com/matttproud/golang_protobuf_extensions v1.0.0 h1:YNOwxxSJzSUARoD9KRZLzM9Y858MNGCOACTvCW9TSAc=
github.com/matttproud/golang_protobuf_extensions v1.0.0/go.mod h1:D8He9yQNgCq6Z5Ld7szi9bcBfOoFv/3dc6xSMkL2PC0=
github.com/mgutz/ansi v0.0.0-20170206155736-9520e82c474b/go.mod h1:01TrycV0kFyexm33Z7vhZRXopbI8J3TDReVlkTgMUxE=
github.com/mgutz/logxi v0.0.0-20161027140823-aebf8a7d67ab/go.mod h1:y1pL58r5z2VvAjeG1VLGc8zOQgSOzbKN7kMHPvFXJ+8=
github.com/miekg/dns v0.0.0-20170818131442-e4205768578d h1:M1nGptTlM6l6aT5MUYA5XExwSjnIPHA+xEOWobbMU6g=
github.com/miekg/dns v0.0.0-20170818131442-e4205768578d/go.mod h1:W1PPwlIAgtquWBMBEV9nkV9Cazfe8ScdGz/Lj7v3Nrg=
github.com/mitchellh/copystructure v1.0.0/go.mod h1:SNtv71yrdKgLRyLFxmLdkAbkKEFWgYaq1OVrnRcwhnw=
github.com/mitchellh/go-homedir v0.0.0-20161203194507-b8bc1bf76747/go.mod h1:SfyaCUpYCn1Vlf4IUYiD9fPX4A5wJrkLzIz1N1q0pr0=
github.com/mitchellh/go-testing-interface v1.0.0/go.mod h1:kRemZodwjscx+RGhAo8eIhFbs2+BFgRtFPeD/KE+zxI=
github.com/mitchellh/mapstructure v0.0.0-20170523030023-d0303fe80992 h1:W7VHAEVflA5/eTyRvQ53Lz5j8bhRd1myHZlI/IZFvbU=
github.com/mitchellh/mapstructure v0.0.0-20170523030023-d0303fe80992/go.mod h1:FVVH3fgwuzCH5S8UJGiWEs2h04kUh9fWfEaFds41c1Y=
github.com/mitchellh/reflectwalk v1.0.0/go.mod h1:mSTlrgnPZtwu0c4WaC2kGObEpuNDbx0jmZXqmk4esnw=
github.com/nightlyone/lockfile v0.0.0-20180618180623-0ad87eef1443/go.mod h1:JbxfV1Iifij2yhRjXai0oFrbpxszXHRx1E5RuM26o4Y=
github.com/oklog/run v1.0.0/go.mod h1:dlhp/R75TPv97u0XWUtDeV/lRKWPKSdTuV0TZvrmrQA=
github.com/onsi/ginkgo v1.6.0/go.mod h1:lLunBs/Ym6LB5Z9jYTR76FiuTmxDTDusOGeTQH+WWjE=
github.com/onsi/gomega v1.4.2/go.mod h1:ex+gbHU/CVuBBDIJjb2X0qEXbFg53c61hWP/1CpauHY=
github.com/opencontainers/go-digest v1.0.0-rc1/go.mod h1:cMLVZDEM3+U2I4VmLI6N8jQYUd2OVphdqWwCJHrFt2s=
github.com/opencontainers/image-spec v1.0.1/go.mod h1:BtxoFyWECRxE4U/7sNtV5W15zMzWCbyJoFRP3s7yZA0=
github.com/opencontainers/runc v0.1.1/go.mod h1:qT5XzbpPznkRYVz/mWwUaVBUv2rmF59PVA73FjuZG0U=
github.com/ory/dockertest v3.3.2+incompatible/go.mod h1:1vX4m9wsvi00u5bseYwXaSnhNrne+V0E6LAcBILJdPs=
github.com/pascaldekloe/goe v0.0.0-20180627143212-57f6aae5913c/go.mod h1:lzWF7FIEvWOWxwDKqyGYQf6ZUaNfKdP144TG7ZOy1lc=
github.com/patrickmn/go-cache v2.1.0+incompatible/go.mod h1:3Qf8kWWT7OJRJbdiICTKqZju1ZixQ/KpMGzzAfe6+WQ=
github.com/pelletier/go-buffruneio v0.2.0 h1:U4t4R6YkofJ5xHm3dJzuRpPZ0mr5MMCoAWooScCR7aA=
github.com/pelletier/go-buffruneio v0.2.0/go.mod h1:JkE26KsDizTr40EUHkXVtNPvgGtbSNq5BcowyYOWdKo=
github.com/pelletier/go-toml v1.0.0 h1:QFDlmAXZrfPXEF6c9+15fMqhQIS3O0pxszhnk936vg4=
github.com/pelletier/go-toml v1.0.0/go.mod h1:5z9KED0ma1S8pY6P1sdut58dfprrGBbd/94hg7ilaic=
github.com/pkg/errors v0.8.0 h1:WdK/asTD0HN+q6hsWO3/vpuAkAr+tw6aNJNDFFf0+qw=
github.com/pkg/errors v0.8.0/go.mod h1:bwawxfHBFNV+L2hUp1rHADufV3IMtnDRdf1r5NINEl0=
github.com/pmezard/go-difflib v1.0.0/go.mod h1:iKH77koFhYxTK1pcRnkKkqfTogsbg7gZNVY4sRDYZ/4=
github.com/prometheus/client_golang v0.8.0 h1:1921Yw9Gc3iSc4VQh3PIoOqgPCZS7G/4xQNVUp8Mda8=
github.com/prometheus/client_golang v0.8.0/go.mod h1:7SWBe2y4D6OKWSNQJUaRYU/AaXPKyh/dDVn+NZz0KFw=
github.com/prometheus/client_model v0.0.0-20170216185247-6f3806018612 h1:13pIdM2tpaDi4OVe24fgoIS7ZTqMt0QI+bwQsX5hq+g=
github.com/prometheus/client_model v0.0.0-20170216185247-6f3806018612/go.mod h1:MbSGuTsp3dbXC40dX6PRTWyKYBIrTGTE9sqQNg2J8bo=
github.com/prometheus/common v0.0.0-20170731114204-61f87aac8082 h1:M/45ksQhBkhxI65UXRNvyuF6sV7A08GMYk39aGZQlJQ=
github.com/prometheus/common v0.0.0-20170731114204-61f87aac8082/go.mod h1:daVV7qP5qjZbuso7PdcryaAu0sAZbrN9i7WWcTMWvro=
github.com/prometheus/procfs v0.0.0-20170703101242-e645f4e5aaa8 h1:Kh7M6mzRpQ2de1rixoSQZr4BTINXFm8WDbeN5ttnwyE=
github.com/prometheus/procfs v0.0.0-20170703101242-e645f4e5aaa8/go.mod h1:c3At6R/oaqEKCNdg8wHV1ftS6bRYblBhIjjI8uT2IGk=
github.com/ryanuber/go-glob v0.0.0-20170128012129-256dc444b735/go.mod h1:807d1WSdnB0XRJzKNil9Om6lcp/3a0v4qIHxIXzX/Yc=
github.com/sdboyer/constext v0.0.0-20170321163424-836a14457353/go.mod h1:5HStXbIikwtDAgAIqiQIqVgMn7mlvZa6PTpwiAVYGYg=
github.com/sean-/seed v0.0.0-20170313163322-e2103e2c3529 h1:nn5Wsu0esKSJiIVhscUtVbo7ada43DJhG55ua/hjS5I=
github.com/sean-/seed v0.0.0-20170313163322-e2103e2c3529/go.mod h1:DxrIzT+xaE7yg65j358z/aeFdxmN0P9QXhEzd20vsDc=
github.com/sethgrid/pester v0.0.0-20170816164208-a86a2d88f4dc h1:fpe8AiNbjeFqjm9DCMUI0gAZ4BASisYIUrXI8uk/QBI=
github.com/sethgrid/pester v0.0.0-20170816164208-a86a2d88f4dc/go.mod h1:Ad7IjTpvzZO8Fl0vh9AzQ+j/jYZfyp2diGwI8m5q+ns=
github.com/sirupsen/logrus v1.0.3 h1:B5C/igNWoiULof20pKfY4VntcIPqKuwEmoLZrabbUrc=
github.com/sirupsen/logrus v1.0.3/go.mod h1:pMByvHTf9Beacp5x1UXfOR9xyW/9antXMhjMPG0dEzc=
github.com/spf13/afero v0.0.0-20170825213252-36f8810e2e3d h1:+AVAl6Nn2gVxLfZn1Mqj70BPdaC++pLCXnvCft/Bo7o=
github.com/spf13/afero v0.0.0-20170825213252-36f8810e2e3d/go.mod h1:j4pytiNVoe2o6bmDsKpLACNPDBIoEAkihy7loJ1B0CQ=
github.com/spf13/cast v1.1.0 h1:0Rhw4d6C8J9VPu6cjZLIhZ8+aAOHcDvGeKn+cq5Aq3k=
github.com/spf13/cast v1.1.0/go.mod h1:r2rcYCSwa1IExKTDiTfzaxqT2FNHs8hODu4LnUfgKEg=
github.com/spf13/cobra v0.0.0-20170823073209-2df9a5318133 h1:k5T0NKT0QzMzEaqufAzrZjPlFdCuPwXlngPZlLehiJU=
github.com/spf13/cobra v0.0.0-20170823073209-2df9a5318133/go.mod h1:1l0Ry5zgKvJasoi3XT1TypsSe7PqH0Sj9dhYf7v3XqQ=
github.com/spf13/jwalterweatherman v0.0.0-20170523133247-0efa5202c046 h1:RpxSq53NruItMGgp6q5MsDYoZynisJgEpisQdWJ7PyM=
github.com/spf13/jwalterweatherman v0.0.0-20170523133247-0efa5202c046/go.mod h1:cQK4TGJAtQXfYWX+Ddv3mKDzgVb68N+wFjFa4jdeBTo=
github.com/spf13/pflag v1.0.0 h1:oaPbdDe/x0UncahuwiPxW1GYJyilRAdsPnq3e1yaPcI=
github.com/spf13/pflag v1.0.0/go.mod h1:DYY7MBk1bdzusC3SYhjObp+wFpr4gzcvqqNjLnInEg4=
github.com/spf13/viper v1.0.0 h1:RUA/ghS2i64rlnn4ydTfblY8Og8QzcPtCcHvgMn+w/I=
github.com/spf13/viper v1.0.0/go.mod h1:A8kyI5cUJhb8N+3pkfONlcEcZbueH6nhAm0Fq7SrnBM=
github.com/stretchr/testify v1.2.2/go.mod h1:a8OnRcib4nhh0OaRAV+Yts87kKdq0PP7pXfy6kDkUVs=
github.com/tv42/httpunix v0.0.0-20150427012821-b75d8614f926/go.mod h1:9ESjWnEqriFuLhtthL60Sar/7RFoluCcXsuvEwTV5KM=
golang.org/x/crypto v0.0.0-20170825220121-81e90905daef h1:R8ubLIilYRXIXpgjOg2l/ECVs3HzVKIjJEhxSsQ91u4=
golang.org/x/crypto v0.0.0-20170825220121-81e90905daef/go.mod h1:6SG95UA2DQfeDnfUPMdvaQW0Q7yPrPDi9nlGo2tz2b4=
golang.org/x/lint v0.0.0-20180702182130-06c8688daad7/go.mod h1:UVdnD1Gm6xHRNCYTkRU2/jEulfH38KcIWyp/GAMgvoE=
golang.org/x/net v0.0.0-20180826012351-8a410e7b638d/go.mod h1:mL1N/T3taQHkDXs73rZJwtUhF3w3ftmwwsq0BUmARs4=
golang.org/x/net v0.0.0-20180906233101-161cd47e91fd h1:nTDtHvHSdCn1m6ITfMRqtOd/9+7a3s8RBNOZ3eYZzJA=
golang.org/x/net v0.0.0-20180906233101-161cd47e91fd/go.mod h1:mL1N/T3taQHkDXs73rZJwtUhF3w3ftmwwsq0BUmARs4=
golang.org/x/oauth2 v0.0.0-20180821212333-d2e6202438be/go.mod h1:N/0e6XlmueqKjAGxoOufVs8QHGRruUQn6yWY3a++T0U=
golang.org/x/sync v0.0.0-20180314180146-1d60e4601c6f/go.mod h1:RxMgew5VJxzue5/jJTE5uejpjVlOe/izrB70Jof72aM=
golang.org/x/sys v0.0.0-20180830151530-49385e6e1522/go.mod h1:STP8DvDyc/dI5b8T5hshtkjS+E42TnysNCUPdjciGhY=
golang.org/x/sys v0.0.0-20180909124046-d0be0721c37e h1:o3PsSEY8E4eXWkXrIP9YJALUkVZqzHJT5DOasTyn8Vs=
golang.org/x/sys v0.0.0-20180909124046-d0be0721c37e/go.mod h1:STP8DvDyc/dI5b8T5hshtkjS+E42TnysNCUPdjciGhY=
golang.org/x/text v0.3.0 h1:g61tztE5qeGQ89tm6NTjjM9VPIm088od1l6aSorWRWg=
golang.org/x/text v0.3.0/go.mod h1:NqM8EUOU14njkJ3fqMW+pc6Ldnwhi/IjpwHt7yyuwOQ=
golang.org/x/tools v0.0.0-20180828015842-6cd1fcedba52/go.mod h1:n7NCudcB/nEzxVGmLbDWY5pfWTLqBcC2KZ6jyYvM4mQ=
google.golang.org/appengine v1.1.0/go.mod h1:EbEs0AVv82hx2wNQdGPgUI5lhzA/G0D9YwlJXL52JkM=
google.golang.org/genproto v0.0.0-20180817151627-c66870c02cf8/go.mod h1:JiN7NxoALGmiZfu7CAH4rXhgtRTLTxftemlI0sWmxmc=
google.golang.org/grpc v1.15.0/go.mod h1:0JHn/cJsOMiMfNA9+DeHDlAU7KAAB5GDlYFpa9MZMio=
gopkg.in/airbrake/gobrake.v2 v2.0.9/go.mod h1:/h5ZAUhDkGaJfjzjKLSjv6zCL6O0LLBxU4K+aSYdM/U=
gopkg.in/check.v1 v0.0.0-20161208181325-20d25e280405/go.mod h1:Co6ibVJAznAaIkqp8huTwlJQCZ016jof/cbN4VW5Yz0=
gopkg.in/check.v1 v1.0.0-20180628173108-788fd7840127/go.mod h1:Co6ibVJAznAaIkqp8huTwlJQCZ016jof/cbN4VW5Yz0=
gopkg.in/fsnotify.v1 v1.4.7/go.mod h1:Tz8NjZHkW78fSQdbUxIjBTcgA1z1m8ZHf0WmKUhAMys=
gopkg.in/gemnasium/logrus-airbrake-hook.v2 v2.1.2/go.mod h1:Xk6kEKp8OKb+X14hQBKWaSkCsqBpgog8nAV2xsGOxlo=
gopkg.in/inf.v0 v0.9.1/go.mod h1:cWUDdTG/fYaXco+Dcufb5Vnc6Gp2YChqWtbxRZE0mXw=
gopkg.in/mgo.v2 v2.0.0-20180705113604-9856a29383ce/go.mod h1:yeKp02qBN3iKW1OzL3MGk2IdtZzaj7SFntXj72NppTA=
gopkg.in/ory-am/dockertest.v3 v3.3.2/go.mod h1:s9mmoLkaGeAh97qygnNj4xWkiN7e1SKekYC6CovU+ek=
gopkg.in/tomb.v1 v1.0.0-20141024135613-dd632973f1e7/go.mod h1:dt/ZhP58zS4L8KSrWDmTeBkI65Dw0HsyUHuEVlX15mw=
gopkg.in/vmihailenco/msgpack.v2 v2.9.1/go.mod h1:/3Dn1Npt9+MYyLpYYXjInO/5jvMLamn+AEGwNEOatn8=
gopkg.in/yaml.v2 v2.2.1 h1:mUhvW9EsL+naU5Q3cakzfE91YhliOondGd6ZrsDBHQE=
gopkg.in/yaml.v2 v2.2.1/go.mod h1:hI93XBmqTisBFMUTm0b8Fm+jr3Dg1NNxqwp+5A1VGuI=
gotest.tools v2.1.0+incompatible/go.mod h1:DsYFclhRJ6vuDpmuTbkuFWG+y2sxOXAzmJt81HFBacw=
honnef.co/go/tools v0.0.0-20180728063816-88497007e858/go.mod h1:rf3lG4BRIbNafJWhAfAdb/ePZxsR/4RtNHQocxwk9r4=
